// !$*UTF8*$!
{
	archiveVersion = 1;
	classes = {
	};
	objectVersion = 50;
	objects = {

/* Begin PBXBuildFile section */
		3472A77827B073D6004AA968 /* Aqui_Te_mApp.swift in Sources */ = {isa = PBXBuildFile; fileRef = 3472A76527B073B2004AA968 /* Aqui_Te_mApp.swift */; };
		3472A77927B073D6004AA968 /* Aqui_Te_mApp.swift in Sources */ = {isa = PBXBuildFile; fileRef = 3472A76527B073B2004AA968 /* Aqui_Te_mApp.swift */; };
		3472A77A27B073D6004AA968 /* ContentView.swift in Sources */ = {isa = PBXBuildFile; fileRef = 3472A76627B073B2004AA968 /* ContentView.swift */; };
		3472A77B27B073D6004AA968 /* ContentView.swift in Sources */ = {isa = PBXBuildFile; fileRef = 3472A76627B073B2004AA968 /* ContentView.swift */; };
		3472A77C27B073D6004AA968 /* Assets.xcassets in Resources */ = {isa = PBXBuildFile; fileRef = 3472A76727B073D6004AA968 /* Assets.xcassets */; };
		3472A77D27B073D6004AA968 /* Assets.xcassets in Resources */ = {isa = PBXBuildFile; fileRef = 3472A76727B073D6004AA968 /* Assets.xcassets */; };
/* End PBXBuildFile section */

/* Begin PBXFileReference section */
		3472A76527B073B2004AA968 /* Aqui_Te_mApp.swift */ = {isa = PBXFileReference; lastKnownFileType = sourcecode.swift; path = Aqui_Te_mApp.swift; sourceTree = "<group>"; };
		3472A76627B073B2004AA968 /* ContentView.swift */ = {isa = PBXFileReference; lastKnownFileType = sourcecode.swift; path = ContentView.swift; sourceTree = "<group>"; };
		3472A76727B073D6004AA968 /* Assets.xcassets */ = {isa = PBXFileReference; lastKnownFileType = folder.assetcatalog; path = Assets.xcassets; sourceTree = "<group>"; };
		3472A76C27B073D6004AA968 /* Aqui Têm.app */ = {isa = PBXFileReference; explicitFileType = wrapper.application; includeInIndex = 0; path = "Aqui Têm.app"; sourceTree = BUILT_PRODUCTS_DIR; };
		3472A76F27B073D6004AA968 /* Info.plist */ = {isa = PBXFileReference; lastKnownFileType = text.plist.xml; path = Info.plist; sourceTree = "<group>"; };
		3472A77427B073D6004AA968 /* Aqui Têm.app */ = {isa = PBXFileReference; explicitFileType = wrapper.application; includeInIndex = 0; path = "Aqui Têm.app"; sourceTree = BUILT_PRODUCTS_DIR; };
		3472A77627B073D6004AA968 /* Info.plist */ = {isa = PBXFileReference; lastKnownFileType = text.plist.xml; path = Info.plist; sourceTree = "<group>"; };
		3472A77727B073D6004AA968 /* macOS.entitlements */ = {isa = PBXFileReference; lastKnownFileType = text.plist.entitlements; path = macOS.entitlements; sourceTree = "<group>"; };
/* End PBXFileReference section */

/* Begin PBXFrameworksBuildPhase section */
		3472A76927B073D6004AA968 /* Frameworks */ = {
			isa = PBXFrameworksBuildPhase;
			buildActionMask = 2147483647;
			files = (
			);
			runOnlyForDeploymentPostprocessing = 0;
		};
		3472A77127B073D6004AA968 /* Frameworks */ = {
			isa = PBXFrameworksBuildPhase;
			buildActionMask = 2147483647;
			files = (
			);
			runOnlyForDeploymentPostprocessing = 0;
		};
/* End PBXFrameworksBuildPhase section */

/* Begin PBXGroup section */
		3472A75F27B073AA004AA968 = {
			isa = PBXGroup;
			children = (
				3472A76427B073B2004AA968 /* Shared */,
				3472A76E27B073D6004AA968 /* iOS */,
				3472A77527B073D6004AA968 /* macOS */,
				3472A76D27B073D6004AA968 /* Products */,
			);
			sourceTree = "<group>";
		};
		3472A76427B073B2004AA968 /* Shared */ = {
			isa = PBXGroup;
			children = (
				3472A76527B073B2004AA968 /* Aqui_Te_mApp.swift */,
				3472A76627B073B2004AA968 /* ContentView.swift */,
				3472A76727B073D6004AA968 /* Assets.xcassets */,
			);
			path = Shared;
			sourceTree = "<group>";
		};
		3472A76D27B073D6004AA968 /* Products */ = {
			isa = PBXGroup;
			children = (
				3472A76C27B073D6004AA968 /* Aqui Têm.app */,
				3472A77427B073D6004AA968 /* Aqui Têm.app */,
			);
			name = Products;
			sourceTree = "<group>";
		};
		3472A76E27B073D6004AA968 /* iOS */ = {
			isa = PBXGroup;
			children = (
				3472A76F27B073D6004AA968 /* Info.plist */,
			);
			path = iOS;
			sourceTree = "<group>";
		};
		3472A77527B073D6004AA968 /* macOS */ = {
			isa = PBXGroup;
			children = (
				3472A77627B073D6004AA968 /* Info.plist */,
				3472A77727B073D6004AA968 /* macOS.entitlements */,
			);
			path = macOS;
			sourceTree = "<group>";
		};
/* End PBXGroup section */

/* Begin PBXNativeTarget section */
		3472A76B27B073D6004AA968 /* Aqui Têm (iOS) */ = {
			isa = PBXNativeTarget;
			buildConfigurationList = 3472A78027B073D6004AA968 /* Build configuration list for PBXNativeTarget "Aqui Têm (iOS)" */;
			buildPhases = (
				3472A76827B073D6004AA968 /* Sources */,
				3472A76927B073D6004AA968 /* Frameworks */,
				3472A76A27B073D6004AA968 /* Resources */,
			);
			buildRules = (
			);
			dependencies = (
			);
			name = "Aqui Têm (iOS)";
			productName = "Aqui Têm (iOS)";
			productReference = 3472A76C27B073D6004AA968 /* Aqui Têm.app */;
			productType = "com.apple.product-type.application";
		};
		3472A77327B073D6004AA968 /* Aqui Têm (macOS) */ = {
			isa = PBXNativeTarget;
			buildConfigurationList = 3472A78327B073D6004AA968 /* Build configuration list for PBXNativeTarget "Aqui Têm (macOS)" */;
			buildPhases = (
				3472A77027B073D6004AA968 /* Sources */,
				3472A77127B073D6004AA968 /* Frameworks */,
				3472A77227B073D6004AA968 /* Resources */,
			);
			buildRules = (
			);
			dependencies = (
			);
			name = "Aqui Têm (macOS)";
			productName = "Aqui Têm (macOS)";
			productReference = 3472A77427B073D6004AA968 /* Aqui Têm.app */;
			productType = "com.apple.product-type.application";
		};
/* End PBXNativeTarget section */

/* Begin PBXProject section */
		3472A76027B073AA004AA968 /* Project object */ = {
			isa = PBXProject;
			attributes = {
				LastSwiftUpdateCheck = 1240;
				LastUpgradeCheck = 1240;
				TargetAttributes = {
					3472A76B27B073D6004AA968 = {
						CreatedOnToolsVersion = 12.4;
					};
					3472A77327B073D6004AA968 = {
						CreatedOnToolsVersion = 12.4;
					};
				};
			};
			buildConfigurationList = 3472A76327B073AA004AA968 /* Build configuration list for PBXProject "Aqui Têm" */;
			compatibilityVersion = "Xcode 9.3";
			developmentRegion = en;
			hasScannedForEncodings = 0;
			knownRegions = (
				en,
				Base,
			);
			mainGroup = 3472A75F27B073AA004AA968;
			productRefGroup = 3472A76D27B073D6004AA968 /* Products */;
			projectDirPath = "";
			projectRoot = "";
			targets = (
				3472A76B27B073D6004AA968 /* Aqui Têm (iOS) */,
				3472A77327B073D6004AA968 /* Aqui Têm (macOS) */,
			);
		};
/* End PBXProject section */

/* Begin PBXResourcesBuildPhase section */
		3472A76A27B073D6004AA968 /* Resources */ = {
			isa = PBXResourcesBuildPhase;
			buildActionMask = 2147483647;
			files = (
				3472A77C27B073D6004AA968 /* Assets.xcassets in Resources */,
			);
			runOnlyForDeploymentPostprocessing = 0;
		};
		3472A77227B073D6004AA968 /* Resources */ = {
			isa = PBXResourcesBuildPhase;
			buildActionMask = 2147483647;
			files = (
				3472A77D27B073D6004AA968 /* Assets.xcassets in Resources */,
			);
			runOnlyForDeploymentPostprocessing = 0;
		};
/* End PBXResourcesBuildPhase section */

/* Begin PBXSourcesBuildPhase section */
		3472A76827B073D6004AA968 /* Sources */ = {
			isa = PBXSourcesBuildPhase;
			buildActionMask = 2147483647;
			files = (
				3472A77A27B073D6004AA968 /* ContentView.swift in Sources */,
				3472A77827B073D6004AA968 /* Aqui_Te_mApp.swift in Sources */,
			);
			runOnlyForDeploymentPostprocessing = 0;
		};
		3472A77027B073D6004AA968 /* Sources */ = {
			isa = PBXSourcesBuildPhase;
			buildActionMask = 2147483647;
			files = (
				3472A77B27B073D6004AA968 /* ContentView.swift in Sources */,
				3472A77927B073D6004AA968 /* Aqui_Te_mApp.swift in Sources */,
			);
			runOnlyForDeploymentPostprocessing = 0;
		};
/* End PBXSourcesBuildPhase section */

/* Begin XCBuildConfiguration section */
		3472A77E27B073D6004AA968 /* Debug */ = {
			isa = XCBuildConfiguration;
			buildSettings = {
				ALWAYS_SEARCH_USER_PATHS = NO;
				CLANG_ANALYZER_NONNULL = YES;
				CLANG_ANALYZER_NUMBER_OBJECT_CONVERSION = YES_AGGRESSIVE;
				CLANG_CXX_LANGUAGE_STANDARD = "gnu++14";
				CLANG_CXX_LIBRARY = "libc++";
				CLANG_ENABLE_MODULES = YES;
				CLANG_ENABLE_OBJC_ARC = YES;
				CLANG_ENABLE_OBJC_WEAK = YES;
				CLANG_WARN_BLOCK_CAPTURE_AUTORELEASING = YES;
				CLANG_WARN_BOOL_CONVERSION = YES;
				CLANG_WARN_COMMA = YES;
				CLANG_WARN_CONSTANT_CONVERSION = YES;
				CLANG_WARN_DEPRECATED_OBJC_IMPLEMENTATIONS = YES;
				CLANG_WARN_DIRECT_OBJC_ISA_USAGE = YES_ERROR;
				CLANG_WARN_DOCUMENTATION_COMMENTS = YES;
				CLANG_WARN_EMPTY_BODY = YES;
				CLANG_WARN_ENUM_CONVERSION = YES;
				CLANG_WARN_INFINITE_RECURSION = YES;
				CLANG_WARN_INT_CONVERSION = YES;
				CLANG_WARN_NON_LITERAL_NULL_CONVERSION = YES;
				CLANG_WARN_OBJC_IMPLICIT_RETAIN_SELF = YES;
				CLANG_WARN_OBJC_LITERAL_CONVERSION = YES;
				CLANG_WARN_OBJC_ROOT_CLASS = YES_ERROR;
				CLANG_WARN_QUOTED_INCLUDE_IN_FRAMEWORK_HEADER = YES;
				CLANG_WARN_RANGE_LOOP_ANALYSIS = YES;
				CLANG_WARN_STRICT_PROTOTYPES = YES;
				CLANG_WARN_SUSPICIOUS_MOVE = YES;
				CLANG_WARN_UNGUARDED_AVAILABILITY = YES_AGGRESSIVE;
				CLANG_WARN_UNREACHABLE_CODE = YES;
				CLANG_WARN__DUPLICATE_METHOD_MATCH = YES;
				COPY_PHASE_STRIP = NO;
				DEBUG_INFORMATION_FORMAT = dwarf;
				ENABLE_STRICT_OBJC_MSGSEND = YES;
				ENABLE_TESTABILITY = YES;
				GCC_C_LANGUAGE_STANDARD = gnu11;
				GCC_DYNAMIC_NO_PIC = NO;
				GCC_NO_COMMON_BLOCKS = YES;
				GCC_OPTIMIZATION_LEVEL = 0;
				GCC_PREPROCESSOR_DEFINITIONS = (
					"DEBUG=1",
					"$(inherited)",
				);
				GCC_WARN_64_TO_32_BIT_CONVERSION = YES;
				GCC_WARN_ABOUT_RETURN_TYPE = YES_ERROR;
				GCC_WARN_UNDECLARED_SELECTOR = YES;
				GCC_WARN_UNINITIALIZED_AUTOS = YES_AGGRESSIVE;
				GCC_WARN_UNUSED_FUNCTION = YES;
				GCC_WARN_UNUSED_VARIABLE = YES;
				MTL_ENABLE_DEBUG_INFO = INCLUDE_SOURCE;
				MTL_FAST_MATH = YES;
				ONLY_ACTIVE_ARCH = YES;
				SWIFT_ACTIVE_COMPILATION_CONDITIONS = DEBUG;
				SWIFT_OPTIMIZATION_LEVEL = "-Onone";
			};
			name = Debug;
		};
		3472A77F27B073D6004AA968 /* Release */ = {
			isa = XCBuildConfiguration;
			buildSettings = {
				ALWAYS_SEARCH_USER_PATHS = NO;
				CLANG_ANALYZER_NONNULL = YES;
				CLANG_ANALYZER_NUMBER_OBJECT_CONVERSION = YES_AGGRESSIVE;
				CLANG_CXX_LANGUAGE_STANDARD = "gnu++14";
				CLANG_CXX_LIBRARY = "libc++";
				CLANG_ENABLE_MODULES = YES;
				CLANG_ENABLE_OBJC_ARC = YES;
				CLANG_ENABLE_OBJC_WEAK = YES;
				CLANG_WARN_BLOCK_CAPTURE_AUTORELEASING = YES;
				CLANG_WARN_BOOL_CONVERSION = YES;
				CLANG_WARN_COMMA = YES;
				CLANG_WARN_CONSTANT_CONVERSION = YES;
				CLANG_WARN_DEPRECATED_OBJC_IMPLEMENTATIONS = YES;
				CLANG_WARN_DIRECT_OBJC_ISA_USAGE = YES_ERROR;
				CLANG_WARN_DOCUMENTATION_COMMENTS = YES;
				CLANG_WARN_EMPTY_BODY = YES;
				CLANG_WARN_ENUM_CONVERSION = YES;
				CLANG_WARN_INFINITE_RECURSION = YES;
				CLANG_WARN_INT_CONVERSION = YES;
				CLANG_WARN_NON_LITERAL_NULL_CONVERSION = YES;
				CLANG_WARN_OBJC_IMPLICIT_RETAIN_SELF = YES;
				CLANG_WARN_OBJC_LITERAL_CONVERSION = YES;
				CLANG_WARN_OBJC_ROOT_CLASS = YES_ERROR;
				CLANG_WARN_QUOTED_INCLUDE_IN_FRAMEWORK_HEADER = YES;
				CLANG_WARN_RANGE_LOOP_ANALYSIS = YES;
				CLANG_WARN_STRICT_PROTOTYPES = YES;
				CLANG_WARN_SUSPICIOUS_MOVE = YES;
				CLANG_WARN_UNGUARDED_AVAILABILITY = YES_AGGRESSIVE;
				CLANG_WARN_UNREACHABLE_CODE = YES;
				CLANG_WARN__DUPLICATE_METHOD_MATCH = YES;
				COPY_PHASE_STRIP = NO;
				DEBUG_INFORMATION_FORMAT = "dwarf-with-dsym";
				ENABLE_NS_ASSERTIONS = NO;
				ENABLE_STRICT_OBJC_MSGSEND = YES;
				GCC_C_LANGUAGE_STANDARD = gnu11;
				GCC_NO_COMMON_BLOCKS = YES;
				GCC_WARN_64_TO_32_BIT_CONVERSION = YES;
				GCC_WARN_ABOUT_RETURN_TYPE = YES_ERROR;
				GCC_WARN_UNDECLARED_SELECTOR = YES;
				GCC_WARN_UNINITIALIZED_AUTOS = YES_AGGRESSIVE;
				GCC_WARN_UNUSED_FUNCTION = YES;
				GCC_WARN_UNUSED_VARIABLE = YES;
				MTL_ENABLE_DEBUG_INFO = NO;
				MTL_FAST_MATH = YES;
				SWIFT_COMPILATION_MODE = wholemodule;
				SWIFT_OPTIMIZATION_LEVEL = "-O";
			};
			name = Release;
		};
		3472A78127B073D6004AA968 /* Debug */ = {
			isa = XCBuildConfiguration;
			buildSettings = {
				ASSETCATALOG_COMPILER_APPICON_NAME = AppIcon;
				ASSETCATALOG_COMPILER_GLOBAL_ACCENT_COLOR_NAME = AccentColor;
				CODE_SIGN_STYLE = Automatic;
				DEVELOPMENT_TEAM = JP9F6KG68S;
				ENABLE_PREVIEWS = YES;
				INFOPLIST_FILE = iOS/Info.plist;
				IPHONEOS_DEPLOYMENT_TARGET = 14.0;
				LD_RUNPATH_SEARCH_PATHS = (
					"$(inherited)",
					"@executable_path/Frameworks",
				);
				PRODUCT_BUNDLE_IDENTIFIER = "com.mauroOlivere.Aqui-Te-m";
				PRODUCT_NAME = "Aqui Têm";
				SDKROOT = iphoneos;
				SWIFT_VERSION = 5.0;
				TARGETED_DEVICE_FAMILY = "1,2";
			};
			name = Debug;
		};
		3472A78227B073D6004AA968 /* Release */ = {
			isa = XCBuildConfiguration;
			buildSettings = {
				ASSETCATALOG_COMPILER_APPICON_NAME = AppIcon;
				ASSETCATALOG_COMPILER_GLOBAL_ACCENT_COLOR_NAME = AccentColor;
				CODE_SIGN_STYLE = Automatic;
				DEVELOPMENT_TEAM = JP9F6KG68S;
				ENABLE_PREVIEWS = YES;
				INFOPLIST_FILE = iOS/Info.plist;
				IPHONEOS_DEPLOYMENT_TARGET = 14.0;
				LD_RUNPATH_SEARCH_PATHS = (
					"$(inherited)",
					"@executable_path/Frameworks",
				);
				PRODUCT_BUNDLE_IDENTIFIER = "com.mauroOlivere.Aqui-Te-m";
				PRODUCT_NAME = "Aqui Têm";
				SDKROOT = iphoneos;
				SWIFT_VERSION = 5.0;
				TARGETED_DEVICE_FAMILY = "1,2";
				VALIDATE_PRODUCT = YES;
			};
			name = Release;
		};
		3472A78427B073D6004AA968 /* Debug */ = {
			isa = XCBuildConfiguration;
			buildSettings = {
				ASSETCATALOG_COMPILER_APPICON_NAME = AppIcon;
				ASSETCATALOG_COMPILER_GLOBAL_ACCENT_COLOR_NAME = AccentColor;
				CODE_SIGN_ENTITLEMENTS = macOS/macOS.entitlements;
				CODE_SIGN_STYLE = Automatic;
				COMBINE_HIDPI_IMAGES = YES;
				DEVELOPMENT_TEAM = JP9F6KG68S;
				ENABLE_HARDENED_RUNTIME = YES;
				ENABLE_PREVIEWS = YES;
				INFOPLIST_FILE = macOS/Info.plist;
				LD_RUNPATH_SEARCH_PATHS = (
					"$(inherited)",
					"@executable_path/../Frameworks",
				);
				MACOSX_DEPLOYMENT_TARGET = 11.0;
				PRODUCT_BUNDLE_IDENTIFIER = "com.mauroOlivere.Aqui-Te-m";
				PRODUCT_NAME = "Aqui Têm";
				SDKROOT = macosx;
				SWIFT_VERSION = 5.0;
			};
			name = Debug;
		};
		3472A78527B073D6004AA968 /* Release */ = {
			isa = XCBuildConfiguration;
			buildSettings = {
				ASSETCATALOG_COMPILER_APPICON_NAME = AppIcon;
				ASSETCATALOG_COMPILER_GLOBAL_ACCENT_COLOR_NAME = AccentColor;
				CODE_SIGN_ENTITLEMENTS = macOS/macOS.entitlements;
				CODE_SIGN_STYLE = Automatic;
				COMBINE_HIDPI_IMAGES = YES;
				DEVELOPMENT_TEAM = JP9F6KG68S;
				ENABLE_HARDENED_RUNTIME = YES;
				ENABLE_PREVIEWS = YES;
				INFOPLIST_FILE = macOS/Info.plist;
				LD_RUNPATH_SEARCH_PATHS = (
					"$(inherited)",
					"@executable_path/../Frameworks",
				);
				MACOSX_DEPLOYMENT_TARGET = 11.0;
				PRODUCT_BUNDLE_IDENTIFIER = "com.mauroOlivere.Aqui-Te-m";
				PRODUCT_NAME = "Aqui Têm";
				SDKROOT = macosx;
				SWIFT_VERSION = 5.0;
			};
			name = Release;
		};
/* End XCBuildConfiguration section */

/* Begin XCConfigurationList section */
		3472A76327B073AA004AA968 /* Build configuration list for PBXProject "Aqui Têm" */ = {
			isa = XCConfigurationList;
			buildConfigurations = (
				3472A77E27B073D6004AA968 /* Debug */,
				3472A77F27B073D6004AA968 /* Release */,
			);
			defaultConfigurationIsVisible = 0;
			defaultConfigurationName = Release;
		};
		3472A78027B073D6004AA968 /* Build configuration list for PBXNativeTarget "Aqui Têm (iOS)" */ = {
			isa = XCConfigurationList;
			buildConfigurations = (
				3472A78127B073D6004AA968 /* Debug */,
				3472A78227B073D6004AA968 /* Release */,
			);
			defaultConfigurationIsVisible = 0;
			defaultConfigurationName = Release;
		};
		3472A78327B073D6004AA968 /* Build configuration list for PBXNativeTarget "Aqui Têm (macOS)" */ = {
			isa = XCConfigurationList;
			buildConfigurations = (
				3472A78427B073D6004AA968 /* Debug */,
				3472A78527B073D6004AA968 /* Release */,
			);
			defaultConfigurationIsVisible = 0;
			defaultConfigurationName = Release;
		};
/* End XCConfigurationList section */
	};
	rootObject = 3472A76027B073AA004AA968 /* Project object */;
}
